{
  "nodes": {
    "nixpkgs": {
      "locked": {
        "lastModified": 1614389971,
        "narHash": "sha256-AWmxiRwQ/ZI/mXIAW/yj7ziT2NoiD524n0a3LLtqiyg=",
        "owner": "NixOS",
        "repo": "nixpkgs",
        "rev": "462c6fe4b115804ea4d5bee7103c0f46ff9f9cfb",
        "type": "github"
      },
      "original": {
        "owner": "NixOS",
        "ref": "nixos-20.03",
        "repo": "nixpkgs",
        "type": "github"
      }
    },
    "root": {
      "inputs": {
        "nixpkgs": "nixpkgs"
      }
    }
  },
  "root": "root",
  "version": 7
}
